
Microsoft Visual Studio Solution File, Format Version 12.00
# Visual Studio Version 17
VisualStudioVersion = 17.11.35312.102
MinimumVisualStudioVersion = 10.0.40219.1
Project("{9A19103F-16F7-4668-BE54-9A1E7A4F7556}") = "DesignPattern", "DesignPattern\DesignPattern.csproj", "{7AD2734F-C4D1-4570-9232-223EB91FA90B}"
EndProject
Project("{9A19103F-16F7-4668-BE54-9A1E7A4F7556}") = "Fatory", "Fatory\Fatory.csproj", "{166F5453-6F2E-403E-85C5-7A78C63CF51F}"
EndProject
Project("{9A19103F-16F7-4668-BE54-9A1E7A4F7556}") = "AbstractFactory", "AbstractFactory\AbstractFactory.csproj", "{0079B8B1-D9A6-4FDB-92E2-E6A75BD5948F}"
EndProject
Project("{FAE04EC0-301F-11D3-BF4B-00C04F79EFBC}") = "Builder", "Builder\Builder.csproj", "{6AA67E7C-5CD5-4FE1-AB05-0691F24E12D3}"
EndProject
Project("{FAE04EC0-301F-11D3-BF4B-00C04F79EFBC}") = "Singleton", "Singleton\Singleton.csproj", "{EA789D13-3514-4B9A-ABD4-CC845CC4FF66}"
EndProject
Project("{FAE04EC0-301F-11D3-BF4B-00C04F79EFBC}") = "Prototype", "Prototype\Prototype.csproj", "{3F4CEB30-2CF9-4F35-B11E-753D603CCCD3}"
EndProject
Project("{2150E333-8FDC-42A3-9474-1A3956D46DE8}") = "Creational Design Pattern", "Creational Design Pattern", "{0B04BFC2-B1FA-43B5-8912-7B3F1867C746}"
EndProject
Project("{2150E333-8FDC-42A3-9474-1A3956D46DE8}") = "Structural Design Pattern", "Structural Design Pattern", "{AA3EBBE9-7AF2-48EC-A8A3-C8DBDC2F5872}"
EndProject
Project("{FAE04EC0-301F-11D3-BF4B-00C04F79EFBC}") = "Adapter", "Adapter\Adapter.csproj", "{1CEC1F39-0CDE-4280-A783-A3F1FFCB3389}"
EndProject
Project("{FAE04EC0-301F-11D3-BF4B-00C04F79EFBC}") = "Bridge", "Bridge\Bridge.csproj", "{926AD75C-2ECD-44EE-95BA-B86E89461696}"
EndProject
Global
	GlobalSection(SolutionConfigurationPlatforms) = preSolution
		Debug|Any CPU = Debug|Any CPU
		Release|Any CPU = Release|Any CPU
	EndGlobalSection
	GlobalSection(ProjectConfigurationPlatforms) = postSolution
		{7AD2734F-C4D1-4570-9232-223EB91FA90B}.Debug|Any CPU.ActiveCfg = Debug|Any CPU
		{7AD2734F-C4D1-4570-9232-223EB91FA90B}.Debug|Any CPU.Build.0 = Debug|Any CPU
		{7AD2734F-C4D1-4570-9232-223EB91FA90B}.Release|Any CPU.ActiveCfg = Release|Any CPU
		{7AD2734F-C4D1-4570-9232-223EB91FA90B}.Release|Any CPU.Build.0 = Release|Any CPU
		{166F5453-6F2E-403E-85C5-7A78C63CF51F}.Debug|Any CPU.ActiveCfg = Debug|Any CPU
		{166F5453-6F2E-403E-85C5-7A78C63CF51F}.Debug|Any CPU.Build.0 = Debug|Any CPU
		{166F5453-6F2E-403E-85C5-7A78C63CF51F}.Release|Any CPU.ActiveCfg = Release|Any CPU
		{166F5453-6F2E-403E-85C5-7A78C63CF51F}.Release|Any CPU.Build.0 = Release|Any CPU
		{0079B8B1-D9A6-4FDB-92E2-E6A75BD5948F}.Debug|Any CPU.ActiveCfg = Debug|Any CPU
		{0079B8B1-D9A6-4FDB-92E2-E6A75BD5948F}.Debug|Any CPU.Build.0 = Debug|Any CPU
		{0079B8B1-D9A6-4FDB-92E2-E6A75BD5948F}.Release|Any CPU.ActiveCfg = Release|Any CPU
		{0079B8B1-D9A6-4FDB-92E2-E6A75BD5948F}.Release|Any CPU.Build.0 = Release|Any CPU
		{6AA67E7C-5CD5-4FE1-AB05-0691F24E12D3}.Debug|Any CPU.ActiveCfg = Debug|Any CPU
		{6AA67E7C-5CD5-4FE1-AB05-0691F24E12D3}.Debug|Any CPU.Build.0 = Debug|Any CPU
		{6AA67E7C-5CD5-4FE1-AB05-0691F24E12D3}.Release|Any CPU.ActiveCfg = Release|Any CPU
		{6AA67E7C-5CD5-4FE1-AB05-0691F24E12D3}.Release|Any CPU.Build.0 = Release|Any CPU
		{EA789D13-3514-4B9A-ABD4-CC845CC4FF66}.Debug|Any CPU.ActiveCfg = Debug|Any CPU
		{EA789D13-3514-4B9A-ABD4-CC845CC4FF66}.Debug|Any CPU.Build.0 = Debug|Any CPU
		{EA789D13-3514-4B9A-ABD4-CC845CC4FF66}.Release|Any CPU.ActiveCfg = Release|Any CPU
		{EA789D13-3514-4B9A-ABD4-CC845CC4FF66}.Release|Any CPU.Build.0 = Release|Any CPU
		{3F4CEB30-2CF9-4F35-B11E-753D603CCCD3}.Debug|Any CPU.ActiveCfg = Debug|Any CPU
		{3F4CEB30-2CF9-4F35-B11E-753D603CCCD3}.Debug|Any CPU.Build.0 = Debug|Any CPU
		{3F4CEB30-2CF9-4F35-B11E-753D603CCCD3}.Release|Any CPU.ActiveCfg = Release|Any CPU
		{3F4CEB30-2CF9-4F35-B11E-753D603CCCD3}.Release|Any CPU.Build.0 = Release|Any CPU
		{1CEC1F39-0CDE-4280-A783-A3F1FFCB3389}.Debug|Any CPU.ActiveCfg = Debug|Any CPU
		{1CEC1F39-0CDE-4280-A783-A3F1FFCB3389}.Debug|Any CPU.Build.0 = Debug|Any CPU
		{1CEC1F39-0CDE-4280-A783-A3F1FFCB3389}.Release|Any CPU.ActiveCfg = Release|Any CPU
		{1CEC1F39-0CDE-4280-A783-A3F1FFCB3389}.Release|Any CPU.Build.0 = Release|Any CPU
		{926AD75C-2ECD-44EE-95BA-B86E89461696}.Debug|Any CPU.ActiveCfg = Debug|Any CPU
		{926AD75C-2ECD-44EE-95BA-B86E89461696}.Debug|Any CPU.Build.0 = Debug|Any CPU
		{926AD75C-2ECD-44EE-95BA-B86E89461696}.Release|Any CPU.ActiveCfg = Release|Any CPU
		{926AD75C-2ECD-44EE-95BA-B86E89461696}.Release|Any CPU.Build.0 = Release|Any CPU
	EndGlobalSection
	GlobalSection(SolutionProperties) = preSolution
		HideSolutionNode = FALSE
	EndGlobalSection
	GlobalSection(NestedProjects) = preSolution
		{7AD2734F-C4D1-4570-9232-223EB91FA90B} = {0B04BFC2-B1FA-43B5-8912-7B3F1867C746}
		{166F5453-6F2E-403E-85C5-7A78C63CF51F} = {0B04BFC2-B1FA-43B5-8912-7B3F1867C746}
		{0079B8B1-D9A6-4FDB-92E2-E6A75BD5948F} = {0B04BFC2-B1FA-43B5-8912-7B3F1867C746}
		{6AA67E7C-5CD5-4FE1-AB05-0691F24E12D3} = {0B04BFC2-B1FA-43B5-8912-7B3F1867C746}
		{EA789D13-3514-4B9A-ABD4-CC845CC4FF66} = {0B04BFC2-B1FA-43B5-8912-7B3F1867C746}
		{3F4CEB30-2CF9-4F35-B11E-753D603CCCD3} = {0B04BFC2-B1FA-43B5-8912-7B3F1867C746}
		{1CEC1F39-0CDE-4280-A783-A3F1FFCB3389} = {AA3EBBE9-7AF2-48EC-A8A3-C8DBDC2F5872}
		{926AD75C-2ECD-44EE-95BA-B86E89461696} = {AA3EBBE9-7AF2-48EC-A8A3-C8DBDC2F5872}
	EndGlobalSection
	GlobalSection(ExtensibilityGlobals) = postSolution
		SolutionGuid = {99AE8418-0FF3-46AD-BE82-AC0AA999D550}
	EndGlobalSection
EndGlobal
