
Microsoft Visual Studio Solution File, Format Version 12.00
# Visual Studio Version 17
VisualStudioVersion = 17.11.35312.102
MinimumVisualStudioVersion = 10.0.40219.1
Project("{9A19103F-16F7-4668-BE54-9A1E7A4F7556}") = "DesignPattern", "DesignPattern\DesignPattern.csproj", "{7AD2734F-C4D1-4570-9232-223EB91FA90B}"
EndProject
Project("{9A19103F-16F7-4668-BE54-9A1E7A4F7556}") = "Fatory", "Fatory\Fatory.csproj", "{166F5453-6F2E-403E-85C5-7A78C63CF51F}"
EndProject
Project("{FAE04EC0-301F-11D3-BF4B-00C04F79EFBC}") = "AbstractFactory", "AbstractFactory\AbstractFactory.csproj", "{0079B8B1-D9A6-4FDB-92E2-E6A75BD5948F}"
EndProject
Global
	GlobalSection(SolutionConfigurationPlatforms) = preSolution
		Debug|Any CPU = Debug|Any CPU
		Release|Any CPU = Release|Any CPU
	EndGlobalSection
	GlobalSection(ProjectConfigurationPlatforms) = postSolution
		{7AD2734F-C4D1-4570-9232-223EB91FA90B}.Debug|Any CPU.ActiveCfg = Debug|Any CPU
		{7AD2734F-C4D1-4570-9232-223EB91FA90B}.Debug|Any CPU.Build.0 = Debug|Any CPU
		{7AD2734F-C4D1-4570-9232-223EB91FA90B}.Release|Any CPU.ActiveCfg = Release|Any CPU
		{7AD2734F-C4D1-4570-9232-223EB91FA90B}.Release|Any CPU.Build.0 = Release|Any CPU
		{166F5453-6F2E-403E-85C5-7A78C63CF51F}.Debug|Any CPU.ActiveCfg = Debug|Any CPU
		{166F5453-6F2E-403E-85C5-7A78C63CF51F}.Debug|Any CPU.Build.0 = Debug|Any CPU
		{166F5453-6F2E-403E-85C5-7A78C63CF51F}.Release|Any CPU.ActiveCfg = Release|Any CPU
		{166F5453-6F2E-403E-85C5-7A78C63CF51F}.Release|Any CPU.Build.0 = Release|Any CPU
		{0079B8B1-D9A6-4FDB-92E2-E6A75BD5948F}.Debug|Any CPU.ActiveCfg = Debug|Any CPU
		{0079B8B1-D9A6-4FDB-92E2-E6A75BD5948F}.Debug|Any CPU.Build.0 = Debug|Any CPU
		{0079B8B1-D9A6-4FDB-92E2-E6A75BD5948F}.Release|Any CPU.ActiveCfg = Release|Any CPU
		{0079B8B1-D9A6-4FDB-92E2-E6A75BD5948F}.Release|Any CPU.Build.0 = Release|Any CPU
	EndGlobalSection
	GlobalSection(SolutionProperties) = preSolution
		HideSolutionNode = FALSE
	EndGlobalSection
	GlobalSection(ExtensibilityGlobals) = postSolution
		SolutionGuid = {99AE8418-0FF3-46AD-BE82-AC0AA999D550}
	EndGlobalSection
EndGlobal
